
Microsoft Visual Studio Solution File, Format Version 12.00
# Visual Studio Version 18
VisualStudioVersion = 18.3.11310.294
MinimumVisualStudioVersion = 10.0.40219.1
Project("{FAE04EC0-301F-11D3-BF4B-00C04F79EFBC}") = "YachayPeru.API", "YachayPeru.API\YachayPeru.API.csproj", "{C51BC5D8-5380-2CB8-2110-55CD6F6B9B4D}"
EndProject
Project("{FAE04EC0-301F-11D3-BF4B-00C04F79EFBC}") = "YachayPeru.Application", "YachayPeru.Application\YachayPeru.Application.csproj", "{846A5344-76E4-44B4-CD14-5B3B5A4304D6}"
EndProject
Project("{FAE04EC0-301F-11D3-BF4B-00C04F79EFBC}") = "YachayPeru.Domain", "YachayPeru.Domain\YachayPeru.Domain.csproj", "{279F4875-D961-7232-7471-49AAEC851545}"
EndProject
Project("{FAE04EC0-301F-11D3-BF4B-00C04F79EFBC}") = "YachayPeru.Transversal", "YachayPeru.Transversal\YachayPeru.Transversal.csproj", "{FCA57826-1D62-9E30-6CF6-343B28E19180}"
EndProject
Project("{FAE04EC0-301F-11D3-BF4B-00C04F79EFBC}") = "YachayPeru.Infrastructure", "YachayPeru.Infrastructure\YachayPeru.Infrastructure.csproj", "{B6E26DFD-F440-AFBF-64B6-37B88F339192}"
EndProject
Project("{2150E333-8FDC-42A3-9474-1A3956D46DE8}") = "Elementos de la solución", "Elementos de la solución", "{223F726F-8B23-42C1-B65D-B13EFA976798}"
	ProjectSection(SolutionItems) = preProject
		.dockerignore = .dockerignore
		.gitattributes = .gitattributes
		.gitignore = .gitignore
		CLAUDE.md = CLAUDE.md
		Dockerfile = Dockerfile
	EndProjectSection
EndProject
Global
	GlobalSection(SolutionConfigurationPlatforms) = preSolution
		Debug|Any CPU = Debug|Any CPU
		Release|Any CPU = Release|Any CPU
	EndGlobalSection
	GlobalSection(ProjectConfigurationPlatforms) = postSolution
		{C51BC5D8-5380-2CB8-2110-55CD6F6B9B4D}.Debug|Any CPU.ActiveCfg = Debug|Any CPU
		{C51BC5D8-5380-2CB8-2110-55CD6F6B9B4D}.Debug|Any CPU.Build.0 = Debug|Any CPU
		{C51BC5D8-5380-2CB8-2110-55CD6F6B9B4D}.Release|Any CPU.ActiveCfg = Release|Any CPU
		{C51BC5D8-5380-2CB8-2110-55CD6F6B9B4D}.Release|Any CPU.Build.0 = Release|Any CPU
		{846A5344-76E4-44B4-CD14-5B3B5A4304D6}.Debug|Any CPU.ActiveCfg = Debug|Any CPU
		{846A5344-76E4-44B4-CD14-5B3B5A4304D6}.Debug|Any CPU.Build.0 = Debug|Any CPU
		{846A5344-76E4-44B4-CD14-5B3B5A4304D6}.Release|Any CPU.ActiveCfg = Release|Any CPU
		{846A5344-76E4-44B4-CD14-5B3B5A4304D6}.Release|Any CPU.Build.0 = Release|Any CPU
		{279F4875-D961-7232-7471-49AAEC851545}.Debug|Any CPU.ActiveCfg = Debug|Any CPU
		{279F4875-D961-7232-7471-49AAEC851545}.Debug|Any CPU.Build.0 = Debug|Any CPU
		{279F4875-D961-7232-7471-49AAEC851545}.Release|Any CPU.ActiveCfg = Release|Any CPU
		{279F4875-D961-7232-7471-49AAEC851545}.Release|Any CPU.Build.0 = Release|Any CPU
		{FCA57826-1D62-9E30-6CF6-343B28E19180}.Debug|Any CPU.ActiveCfg = Debug|Any CPU
		{FCA57826-1D62-9E30-6CF6-343B28E19180}.Debug|Any CPU.Build.0 = Debug|Any CPU
		{FCA57826-1D62-9E30-6CF6-343B28E19180}.Release|Any CPU.ActiveCfg = Release|Any CPU
		{FCA57826-1D62-9E30-6CF6-343B28E19180}.Release|Any CPU.Build.0 = Release|Any CPU
		{B6E26DFD-F440-AFBF-64B6-37B88F339192}.Debug|Any CPU.ActiveCfg = Debug|Any CPU
		{B6E26DFD-F440-AFBF-64B6-37B88F339192}.Debug|Any CPU.Build.0 = Debug|Any CPU
		{B6E26DFD-F440-AFBF-64B6-37B88F339192}.Release|Any CPU.ActiveCfg = Release|Any CPU
		{B6E26DFD-F440-AFBF-64B6-37B88F339192}.Release|Any CPU.Build.0 = Release|Any CPU
	EndGlobalSection
	GlobalSection(SolutionProperties) = preSolution
		HideSolutionNode = FALSE
	EndGlobalSection
	GlobalSection(ExtensibilityGlobals) = postSolution
		SolutionGuid = {26279F8A-97B3-46E4-8275-09FB74EEDC8B}
	EndGlobalSection
EndGlobal
